# @generated by Move, please check-in and do not edit manually.

[move]
version = 1
manifest_digest = "930DBB1A12A6A33499A31042D4A758A4951BEAEE3954F4C2F56C1A915271DB80"
deps_digest = "3C4103934B1E040BB6B23F1D610B4EF9F2F1166A50A104EADCF77467C004C600"
dependencies = [
  { name = "Sui" },
  { name = "TimeLockedBalance" },
]

[[move.package]]
name = "MoveStdlib"
source = { git = "https://github.com/MystenLabs/sui.git", rev = "mainnet-v1.24.1", subdir = "crates/sui-framework/packages/move-stdlib" }

[[move.package]]
name = "Sui"
source = { git = "https://github.com/MystenLabs/sui.git", rev = "mainnet-v1.24.1", subdir = "crates/sui-framework/packages/sui-framework" }

dependencies = [
  { name = "MoveStdlib" },
]

[[move.package]]
name = "TimeLockedBalance"
source = { git = "https://github.com/ronanyeah/time-locked-balance.git", rev = "master", subdir = "" }

dependencies = [
  { name = "Sui" },
]

[move.toolchain-version]
compiler-version = "1.24.1"
edition = "2024.beta"
flavor = "sui"

[env]

[env.testnet]
chain-id = "4c78adac"
original-published-id = "0xaedb5fe68aeedcca8aad1db61dc7f5b934c18167fe2b935685d3a296833aa8c1"
latest-published-id = "0xaedb5fe68aeedcca8aad1db61dc7f5b934c18167fe2b935685d3a296833aa8c1"
published-version = "1"

[env.mainnet]
chain-id = "35834a8a"
original-published-id = "0x9cde6fd22c9518820644dd1350ac1595bb23751033d247465ff3c7572d9a7049"
latest-published-id = "0x9cde6fd22c9518820644dd1350ac1595bb23751033d247465ff3c7572d9a7049"
published-version = "1"
